
Microsoft Visual Studio Solution File, Format Version 12.00
# Visual Studio Version 17
VisualStudioVersion = 17.0.31903.59
MinimumVisualStudioVersion = 10.0.40219.1
Project("{2150E333-8FDC-42A3-9474-1A3956D46DE8}") = "src", "src", "{827E0CD3-B72D-47B6-A68D-7590B98EB39B}"
EndProject
Project("{2150E333-8FDC-42A3-9474-1A3956D46DE8}") = "Core", "Core", "{8D626EA8-CB54-BC41-363A-217881BEBA6E}"
EndProject
Project("{FAE04EC0-301F-11D3-BF4B-00C04F79EFBC}") = "Tippr.Domain", "src\Core\Tippr.Domain\Tippr.Domain.csproj", "{4205588F-CC64-4436-9AE3-F4E3EF4E9D74}"
EndProject
Project("{FAE04EC0-301F-11D3-BF4B-00C04F79EFBC}") = "Tippr.Application", "src\Core\Tippr.Application\Tippr.Application.csproj", "{C782CF50-444C-49DD-A268-457E54427544}"
EndProject
Project("{2150E333-8FDC-42A3-9474-1A3956D46DE8}") = "Infrastructure", "Infrastructure", "{9048EB7F-3875-A59E-E36B-5BD4C6F2A282}"
EndProject
Project("{FAE04EC0-301F-11D3-BF4B-00C04F79EFBC}") = "Tippr.Infrastructure", "src\Infrastructure\Tippr.Infrastructure\Tippr.Infrastructure.csproj", "{411B5254-8563-460A-80AE-39F46084C683}"
EndProject
Project("{2150E333-8FDC-42A3-9474-1A3956D46DE8}") = "Presentation", "Presentation", "{6996BBF7-DB31-59BC-C7DD-9A7CCC6138C4}"
EndProject
Project("{FAE04EC0-301F-11D3-BF4B-00C04F79EFBC}") = "Tippr.API", "src\Presentation\Tippr.API\Tippr.API.csproj", "{FCBCC734-E999-4F82-A0A6-1B67BAE0B3F3}"
EndProject
Project("{2150E333-8FDC-42A3-9474-1A3956D46DE8}") = "tests", "tests", "{0AB3BF05-4346-4AA6-1389-037BE0695223}"
EndProject
Project("{FAE04EC0-301F-11D3-BF4B-00C04F79EFBC}") = "Tippr.Domain.Tests", "tests\Tippr.Domain.Tests\Tippr.Domain.Tests.csproj", "{7DCF00A8-E577-41BB-A43C-54DA5421387F}"
EndProject
Project("{FAE04EC0-301F-11D3-BF4B-00C04F79EFBC}") = "Tippr.Application.Tests", "tests\Tippr.Application.Tests\Tippr.Application.Tests.csproj", "{F91A192F-683A-4046-BA72-E9A2A02B10AE}"
EndProject
Project("{FAE04EC0-301F-11D3-BF4B-00C04F79EFBC}") = "Tippr.Infrastructure.Tests", "tests\Tippr.Infrastructure.Tests\Tippr.Infrastructure.Tests.csproj", "{717F0392-31D7-498C-ACA3-D4EA29DFBBD2}"
EndProject
Project("{FAE04EC0-301F-11D3-BF4B-00C04F79EFBC}") = "Tippr.API.Tests", "tests\Tippr.API.Tests\Tippr.API.Tests.csproj", "{253869E2-CF76-4506-93C5-3362D0BF86D6}"
EndProject
Global
	GlobalSection(SolutionConfigurationPlatforms) = preSolution
		Debug|Any CPU = Debug|Any CPU
		Debug|x64 = Debug|x64
		Debug|x86 = Debug|x86
		Release|Any CPU = Release|Any CPU
		Release|x64 = Release|x64
		Release|x86 = Release|x86
	EndGlobalSection
	GlobalSection(ProjectConfigurationPlatforms) = postSolution
		{4205588F-CC64-4436-9AE3-F4E3EF4E9D74}.Debug|Any CPU.ActiveCfg = Debug|Any CPU
		{4205588F-CC64-4436-9AE3-F4E3EF4E9D74}.Debug|Any CPU.Build.0 = Debug|Any CPU
		{4205588F-CC64-4436-9AE3-F4E3EF4E9D74}.Debug|x64.ActiveCfg = Debug|Any CPU
		{4205588F-CC64-4436-9AE3-F4E3EF4E9D74}.Debug|x64.Build.0 = Debug|Any CPU
		{4205588F-CC64-4436-9AE3-F4E3EF4E9D74}.Debug|x86.ActiveCfg = Debug|Any CPU
		{4205588F-CC64-4436-9AE3-F4E3EF4E9D74}.Debug|x86.Build.0 = Debug|Any CPU
		{4205588F-CC64-4436-9AE3-F4E3EF4E9D74}.Release|Any CPU.ActiveCfg = Release|Any CPU
		{4205588F-CC64-4436-9AE3-F4E3EF4E9D74}.Release|Any CPU.Build.0 = Release|Any CPU
		{4205588F-CC64-4436-9AE3-F4E3EF4E9D74}.Release|x64.ActiveCfg = Release|Any CPU
		{4205588F-CC64-4436-9AE3-F4E3EF4E9D74}.Release|x64.Build.0 = Release|Any CPU
		{4205588F-CC64-4436-9AE3-F4E3EF4E9D74}.Release|x86.ActiveCfg = Release|Any CPU
		{4205588F-CC64-4436-9AE3-F4E3EF4E9D74}.Release|x86.Build.0 = Release|Any CPU
		{C782CF50-444C-49DD-A268-457E54427544}.Debug|Any CPU.ActiveCfg = Debug|Any CPU
		{C782CF50-444C-49DD-A268-457E54427544}.Debug|Any CPU.Build.0 = Debug|Any CPU
		{C782CF50-444C-49DD-A268-457E54427544}.Debug|x64.ActiveCfg = Debug|Any CPU
		{C782CF50-444C-49DD-A268-457E54427544}.Debug|x64.Build.0 = Debug|Any CPU
		{C782CF50-444C-49DD-A268-457E54427544}.Debug|x86.ActiveCfg = Debug|Any CPU
		{C782CF50-444C-49DD-A268-457E54427544}.Debug|x86.Build.0 = Debug|Any CPU
		{C782CF50-444C-49DD-A268-457E54427544}.Release|Any CPU.ActiveCfg = Release|Any CPU
		{C782CF50-444C-49DD-A268-457E54427544}.Release|Any CPU.Build.0 = Release|Any CPU
		{C782CF50-444C-49DD-A268-457E54427544}.Release|x64.ActiveCfg = Release|Any CPU
		{C782CF50-444C-49DD-A268-457E54427544}.Release|x64.Build.0 = Release|Any CPU
		{C782CF50-444C-49DD-A268-457E54427544}.Release|x86.ActiveCfg = Release|Any CPU
		{C782CF50-444C-49DD-A268-457E54427544}.Release|x86.Build.0 = Release|Any CPU
		{411B5254-8563-460A-80AE-39F46084C683}.Debug|Any CPU.ActiveCfg = Debug|Any CPU
		{411B5254-8563-460A-80AE-39F46084C683}.Debug|Any CPU.Build.0 = Debug|Any CPU
		{411B5254-8563-460A-80AE-39F46084C683}.Debug|x64.ActiveCfg = Debug|Any CPU
		{411B5254-8563-460A-80AE-39F46084C683}.Debug|x64.Build.0 = Debug|Any CPU
		{411B5254-8563-460A-80AE-39F46084C683}.Debug|x86.ActiveCfg = Debug|Any CPU
		{411B5254-8563-460A-80AE-39F46084C683}.Debug|x86.Build.0 = Debug|Any CPU
		{411B5254-8563-460A-80AE-39F46084C683}.Release|Any CPU.ActiveCfg = Release|Any CPU
		{411B5254-8563-460A-80AE-39F46084C683}.Release|Any CPU.Build.0 = Release|Any CPU
		{411B5254-8563-460A-80AE-39F46084C683}.Release|x64.ActiveCfg = Release|Any CPU
		{411B5254-8563-460A-80AE-39F46084C683}.Release|x64.Build.0 = Release|Any CPU
		{411B5254-8563-460A-80AE-39F46084C683}.Release|x86.ActiveCfg = Release|Any CPU
		{411B5254-8563-460A-80AE-39F46084C683}.Release|x86.Build.0 = Release|Any CPU
		{FCBCC734-E999-4F82-A0A6-1B67BAE0B3F3}.Debug|Any CPU.ActiveCfg = Debug|Any CPU
		{FCBCC734-E999-4F82-A0A6-1B67BAE0B3F3}.Debug|Any CPU.Build.0 = Debug|Any CPU
		{FCBCC734-E999-4F82-A0A6-1B67BAE0B3F3}.Debug|x64.ActiveCfg = Debug|Any CPU
		{FCBCC734-E999-4F82-A0A6-1B67BAE0B3F3}.Debug|x64.Build.0 = Debug|Any CPU
		{FCBCC734-E999-4F82-A0A6-1B67BAE0B3F3}.Debug|x86.ActiveCfg = Debug|Any CPU
		{FCBCC734-E999-4F82-A0A6-1B67BAE0B3F3}.Debug|x86.Build.0 = Debug|Any CPU
		{FCBCC734-E999-4F82-A0A6-1B67BAE0B3F3}.Release|Any CPU.ActiveCfg = Release|Any CPU
		{FCBCC734-E999-4F82-A0A6-1B67BAE0B3F3}.Release|Any CPU.Build.0 = Release|Any CPU
		{FCBCC734-E999-4F82-A0A6-1B67BAE0B3F3}.Release|x64.ActiveCfg = Release|Any CPU
		{FCBCC734-E999-4F82-A0A6-1B67BAE0B3F3}.Release|x64.Build.0 = Release|Any CPU
		{FCBCC734-E999-4F82-A0A6-1B67BAE0B3F3}.Release|x86.ActiveCfg = Release|Any CPU
		{FCBCC734-E999-4F82-A0A6-1B67BAE0B3F3}.Release|x86.Build.0 = Release|Any CPU
		{7DCF00A8-E577-41BB-A43C-54DA5421387F}.Debug|Any CPU.ActiveCfg = Debug|Any CPU
		{7DCF00A8-E577-41BB-A43C-54DA5421387F}.Debug|Any CPU.Build.0 = Debug|Any CPU
		{7DCF00A8-E577-41BB-A43C-54DA5421387F}.Debug|x64.ActiveCfg = Debug|Any CPU
		{7DCF00A8-E577-41BB-A43C-54DA5421387F}.Debug|x64.Build.0 = Debug|Any CPU
		{7DCF00A8-E577-41BB-A43C-54DA5421387F}.Debug|x86.ActiveCfg = Debug|Any CPU
		{7DCF00A8-E577-41BB-A43C-54DA5421387F}.Debug|x86.Build.0 = Debug|Any CPU
		{7DCF00A8-E577-41BB-A43C-54DA5421387F}.Release|Any CPU.ActiveCfg = Release|Any CPU
		{7DCF00A8-E577-41BB-A43C-54DA5421387F}.Release|Any CPU.Build.0 = Release|Any CPU
		{7DCF00A8-E577-41BB-A43C-54DA5421387F}.Release|x64.ActiveCfg = Release|Any CPU
		{7DCF00A8-E577-41BB-A43C-54DA5421387F}.Release|x64.Build.0 = Release|Any CPU
		{7DCF00A8-E577-41BB-A43C-54DA5421387F}.Release|x86.ActiveCfg = Release|Any CPU
		{7DCF00A8-E577-41BB-A43C-54DA5421387F}.Release|x86.Build.0 = Release|Any CPU
		{F91A192F-683A-4046-BA72-E9A2A02B10AE}.Debug|Any CPU.ActiveCfg = Debug|Any CPU
		{F91A192F-683A-4046-BA72-E9A2A02B10AE}.Debug|Any CPU.Build.0 = Debug|Any CPU
		{F91A192F-683A-4046-BA72-E9A2A02B10AE}.Debug|x64.ActiveCfg = Debug|Any CPU
		{F91A192F-683A-4046-BA72-E9A2A02B10AE}.Debug|x64.Build.0 = Debug|Any CPU
		{F91A192F-683A-4046-BA72-E9A2A02B10AE}.Debug|x86.ActiveCfg = Debug|Any CPU
		{F91A192F-683A-4046-BA72-E9A2A02B10AE}.Debug|x86.Build.0 = Debug|Any CPU
		{F91A192F-683A-4046-BA72-E9A2A02B10AE}.Release|Any CPU.ActiveCfg = Release|Any CPU
		{F91A192F-683A-4046-BA72-E9A2A02B10AE}.Release|Any CPU.Build.0 = Release|Any CPU
		{F91A192F-683A-4046-BA72-E9A2A02B10AE}.Release|x64.ActiveCfg = Release|Any CPU
		{F91A192F-683A-4046-BA72-E9A2A02B10AE}.Release|x64.Build.0 = Release|Any CPU
		{F91A192F-683A-4046-BA72-E9A2A02B10AE}.Release|x86.ActiveCfg = Release|Any CPU
		{F91A192F-683A-4046-BA72-E9A2A02B10AE}.Release|x86.Build.0 = Release|Any CPU
		{717F0392-31D7-498C-ACA3-D4EA29DFBBD2}.Debug|Any CPU.ActiveCfg = Debug|Any CPU
		{717F0392-31D7-498C-ACA3-D4EA29DFBBD2}.Debug|Any CPU.Build.0 = Debug|Any CPU
		{717F0392-31D7-498C-ACA3-D4EA29DFBBD2}.Debug|x64.ActiveCfg = Debug|Any CPU
		{717F0392-31D7-498C-ACA3-D4EA29DFBBD2}.Debug|x64.Build.0 = Debug|Any CPU
		{717F0392-31D7-498C-ACA3-D4EA29DFBBD2}.Debug|x86.ActiveCfg = Debug|Any CPU
		{717F0392-31D7-498C-ACA3-D4EA29DFBBD2}.Debug|x86.Build.0 = Debug|Any CPU
		{717F0392-31D7-498C-ACA3-D4EA29DFBBD2}.Release|Any CPU.ActiveCfg = Release|Any CPU
		{717F0392-31D7-498C-ACA3-D4EA29DFBBD2}.Release|Any CPU.Build.0 = Release|Any CPU
		{717F0392-31D7-498C-ACA3-D4EA29DFBBD2}.Release|x64.ActiveCfg = Release|Any CPU
		{717F0392-31D7-498C-ACA3-D4EA29DFBBD2}.Release|x64.Build.0 = Release|Any CPU
		{717F0392-31D7-498C-ACA3-D4EA29DFBBD2}.Release|x86.ActiveCfg = Release|Any CPU
		{717F0392-31D7-498C-ACA3-D4EA29DFBBD2}.Release|x86.Build.0 = Release|Any CPU
		{253869E2-CF76-4506-93C5-3362D0BF86D6}.Debug|Any CPU.ActiveCfg = Debug|Any CPU
		{253869E2-CF76-4506-93C5-3362D0BF86D6}.Debug|Any CPU.Build.0 = Debug|Any CPU
		{253869E2-CF76-4506-93C5-3362D0BF86D6}.Debug|x64.ActiveCfg = Debug|Any CPU
		{253869E2-CF76-4506-93C5-3362D0BF86D6}.Debug|x64.Build.0 = Debug|Any CPU
		{253869E2-CF76-4506-93C5-3362D0BF86D6}.Debug|x86.ActiveCfg = Debug|Any CPU
		{253869E2-CF76-4506-93C5-3362D0BF86D6}.Debug|x86.Build.0 = Debug|Any CPU
		{253869E2-CF76-4506-93C5-3362D0BF86D6}.Release|Any CPU.ActiveCfg = Release|Any CPU
		{253869E2-CF76-4506-93C5-3362D0BF86D6}.Release|Any CPU.Build.0 = Release|Any CPU
		{253869E2-CF76-4506-93C5-3362D0BF86D6}.Release|x64.ActiveCfg = Release|Any CPU
		{253869E2-CF76-4506-93C5-3362D0BF86D6}.Release|x64.Build.0 = Release|Any CPU
		{253869E2-CF76-4506-93C5-3362D0BF86D6}.Release|x86.ActiveCfg = Release|Any CPU
		{253869E2-CF76-4506-93C5-3362D0BF86D6}.Release|x86.Build.0 = Release|Any CPU
	EndGlobalSection
	GlobalSection(SolutionProperties) = preSolution
		HideSolutionNode = FALSE
	EndGlobalSection
	GlobalSection(NestedProjects) = preSolution
		{8D626EA8-CB54-BC41-363A-217881BEBA6E} = {827E0CD3-B72D-47B6-A68D-7590B98EB39B}
		{4205588F-CC64-4436-9AE3-F4E3EF4E9D74} = {8D626EA8-CB54-BC41-363A-217881BEBA6E}
		{C782CF50-444C-49DD-A268-457E54427544} = {8D626EA8-CB54-BC41-363A-217881BEBA6E}
		{9048EB7F-3875-A59E-E36B-5BD4C6F2A282} = {827E0CD3-B72D-47B6-A68D-7590B98EB39B}
		{411B5254-8563-460A-80AE-39F46084C683} = {9048EB7F-3875-A59E-E36B-5BD4C6F2A282}
		{6996BBF7-DB31-59BC-C7DD-9A7CCC6138C4} = {827E0CD3-B72D-47B6-A68D-7590B98EB39B}
		{FCBCC734-E999-4F82-A0A6-1B67BAE0B3F3} = {6996BBF7-DB31-59BC-C7DD-9A7CCC6138C4}
		{7DCF00A8-E577-41BB-A43C-54DA5421387F} = {0AB3BF05-4346-4AA6-1389-037BE0695223}
		{F91A192F-683A-4046-BA72-E9A2A02B10AE} = {0AB3BF05-4346-4AA6-1389-037BE0695223}
		{717F0392-31D7-498C-ACA3-D4EA29DFBBD2} = {0AB3BF05-4346-4AA6-1389-037BE0695223}
		{253869E2-CF76-4506-93C5-3362D0BF86D6} = {0AB3BF05-4346-4AA6-1389-037BE0695223}
	EndGlobalSection
EndGlobal
